
Microsoft Visual Studio Solution File, Format Version 12.00
# Visual Studio Version 17
VisualStudioVersion = 17.2.32526.322
MinimumVisualStudioVersion = 10.0.40219.1
Project("{FAE04EC0-301F-11D3-BF4B-00C04F79EFBC}") = "ProtocolCore", "ProtocolCore\ProtocolCore.csproj", "{8D8AB4E4-2713-4016-BC4D-4547E29403D6}"
EndProject
Project("{FAE04EC0-301F-11D3-BF4B-00C04F79EFBC}") = "ProtocolEngine", "ProtocolEngine\ProtocolEngine.csproj", "{0919D372-495D-4F74-8D26-F14E8364437F}"
EndProject
Project("{FAE04EC0-301F-11D3-BF4B-00C04F79EFBC}") = "ProtocolTest", "ProtocolTest\ProtocolTest.csproj", "{3495B738-E472-4C5C-A485-BD9A2541DA48}"
EndProject
Global
	GlobalSection(SolutionConfigurationPlatforms) = preSolution
		Debug|Any CPU = Debug|Any CPU
		Release|Any CPU = Release|Any CPU
	EndGlobalSection
	GlobalSection(ProjectConfigurationPlatforms) = postSolution
		{8D8AB4E4-2713-4016-BC4D-4547E29403D6}.Debug|Any CPU.ActiveCfg = Debug|Any CPU
		{8D8AB4E4-2713-4016-BC4D-4547E29403D6}.Debug|Any CPU.Build.0 = Debug|Any CPU
		{8D8AB4E4-2713-4016-BC4D-4547E29403D6}.Release|Any CPU.ActiveCfg = Release|Any CPU
		{8D8AB4E4-2713-4016-BC4D-4547E29403D6}.Release|Any CPU.Build.0 = Release|Any CPU
		{0919D372-495D-4F74-8D26-F14E8364437F}.Debug|Any CPU.ActiveCfg = Debug|Any CPU
		{0919D372-495D-4F74-8D26-F14E8364437F}.Debug|Any CPU.Build.0 = Debug|Any CPU
		{0919D372-495D-4F74-8D26-F14E8364437F}.Release|Any CPU.ActiveCfg = Release|Any CPU
		{0919D372-495D-4F74-8D26-F14E8364437F}.Release|Any CPU.Build.0 = Release|Any CPU
		{3495B738-E472-4C5C-A485-BD9A2541DA48}.Debug|Any CPU.ActiveCfg = Debug|Any CPU
		{3495B738-E472-4C5C-A485-BD9A2541DA48}.Debug|Any CPU.Build.0 = Debug|Any CPU
		{3495B738-E472-4C5C-A485-BD9A2541DA48}.Release|Any CPU.ActiveCfg = Release|Any CPU
		{3495B738-E472-4C5C-A485-BD9A2541DA48}.Release|Any CPU.Build.0 = Release|Any CPU
	EndGlobalSection
	GlobalSection(SolutionProperties) = preSolution
		HideSolutionNode = FALSE
	EndGlobalSection
	GlobalSection(ExtensibilityGlobals) = postSolution
		SolutionGuid = {CE50E3A4-3F58-4256-A281-E8CE1DE3BF4C}
	EndGlobalSection
EndGlobal
